
Microsoft Visual Studio Solution File, Format Version 12.00
# Visual Studio Version 17
VisualStudioVersion = 17.7.34031.279
MinimumVisualStudioVersion = 10.0.40219.1
Project("{FAE04EC0-301F-11D3-BF4B-00C04F79EFBC}") = "Web_Sorteo_Agencias", "Web_Sorteo_Agencias\Web_Sorteo_Agencias.csproj", "{803193A4-BEB6-411F-9354-14D69C76C522}"
EndProject
Global
	GlobalSection(SolutionConfigurationPlatforms) = preSolution
		Debug|Any CPU = Debug|Any CPU
		Release|Any CPU = Release|Any CPU
	EndGlobalSection
	GlobalSection(ProjectConfigurationPlatforms) = postSolution
		{803193A4-BEB6-411F-9354-14D69C76C522}.Debug|Any CPU.ActiveCfg = Debug|Any CPU
		{803193A4-BEB6-411F-9354-14D69C76C522}.Debug|Any CPU.Build.0 = Debug|Any CPU
		{803193A4-BEB6-411F-9354-14D69C76C522}.Release|Any CPU.ActiveCfg = Release|Any CPU
		{803193A4-BEB6-411F-9354-14D69C76C522}.Release|Any CPU.Build.0 = Release|Any CPU
	EndGlobalSection
	GlobalSection(SolutionProperties) = preSolution
		HideSolutionNode = FALSE
	EndGlobalSection
	GlobalSection(ExtensibilityGlobals) = postSolution
		SolutionGuid = {F3D67B93-2770-4E16-B7CF-DD857FC31659}
	EndGlobalSection
EndGlobal
